
Microsoft Visual Studio Solution File, Format Version 12.00
# Visual Studio Version 17
VisualStudioVersion = 17.3.32922.545
MinimumVisualStudioVersion = 10.0.40219.1
Project("{8BC9CEB8-8B4A-11D0-8D11-00A0C91BC942}") = "QuestionRequester", "QuestionRequester\QuestionRequester.vcxproj", "{3CA41D2B-4D76-44C6-B874-76B45305DFCC}"
EndProject
Global
	GlobalSection(SolutionConfigurationPlatforms) = preSolution
		Debug|x64 = Debug|x64
		Debug|x86 = Debug|x86
		Release|x64 = Release|x64
		Release|x86 = Release|x86
	EndGlobalSection
	GlobalSection(ProjectConfigurationPlatforms) = postSolution
		{3CA41D2B-4D76-44C6-B874-76B45305DFCC}.Debug|x64.ActiveCfg = Debug|x64
		{3CA41D2B-4D76-44C6-B874-76B45305DFCC}.Debug|x64.Build.0 = Debug|x64
		{3CA41D2B-4D76-44C6-B874-76B45305DFCC}.Debug|x86.ActiveCfg = Debug|Win32
		{3CA41D2B-4D76-44C6-B874-76B45305DFCC}.Debug|x86.Build.0 = Debug|Win32
		{3CA41D2B-4D76-44C6-B874-76B45305DFCC}.Release|x64.ActiveCfg = Release|x64
		{3CA41D2B-4D76-44C6-B874-76B45305DFCC}.Release|x64.Build.0 = Release|x64
		{3CA41D2B-4D76-44C6-B874-76B45305DFCC}.Release|x86.ActiveCfg = Release|Win32
		{3CA41D2B-4D76-44C6-B874-76B45305DFCC}.Release|x86.Build.0 = Release|Win32
	EndGlobalSection
	GlobalSection(SolutionProperties) = preSolution
		HideSolutionNode = FALSE
	EndGlobalSection
	GlobalSection(ExtensibilityGlobals) = postSolution
		SolutionGuid = {75D83AEA-D3AA-4241-8B4A-2CD5E5B10292}
	EndGlobalSection
EndGlobal
