
Microsoft Visual Studio Solution File, Format Version 12.00
# Visual Studio Version 17
VisualStudioVersion = 17.4.33103.184
MinimumVisualStudioVersion = 10.0.40219.1
Project("{8BC9CEB8-8B4A-11D0-8D11-00A0C91BC942}") = "TriviadorGUI", "TriviadorGUI\TriviadorGUI.vcxproj", "{75EADD51-FED8-43B2-8AB7-D5E95B84FCF4}"
EndProject
Project("{8BC9CEB8-8B4A-11D0-8D11-00A0C91BC942}") = "Requester", "Requester\Requester.vcxproj", "{F98C005E-38EB-4ACB-A7A1-2B8ABF18517F}"
EndProject
Project("{8BC9CEB8-8B4A-11D0-8D11-00A0C91BC942}") = "ServerTriviador", "ServerTriviador\ServerTriviador.vcxproj", "{698E7F65-ECCF-493D-B92F-478580BC297C}"
	ProjectSection(ProjectDependencies) = postProject
		{F98C005E-38EB-4ACB-A7A1-2B8ABF18517F} = {F98C005E-38EB-4ACB-A7A1-2B8ABF18517F}
	EndProjectSection
EndProject
Project("{8BC9CEB8-8B4A-11D0-8D11-00A0C91BC942}") = "TriviaTesting", "TriviaTesting\TriviaTesting.vcxproj", "{5E3479E9-7304-4F09-B86E-18167E670AF0}"
EndProject
Project("{8BC9CEB8-8B4A-11D0-8D11-00A0C91BC942}") = "ClientTriviador", "ClientTriviador\ClientTriviador.vcxproj", "{6DB98ED3-AB25-4C03-A33F-D7CBC0D8E45C}"
EndProject
Global
	GlobalSection(SolutionConfigurationPlatforms) = preSolution
		Debug|x64 = Debug|x64
		Debug|x86 = Debug|x86
		Release|x64 = Release|x64
		Release|x86 = Release|x86
	EndGlobalSection
	GlobalSection(ProjectConfigurationPlatforms) = postSolution
		{75EADD51-FED8-43B2-8AB7-D5E95B84FCF4}.Debug|x64.ActiveCfg = Debug|x64
		{75EADD51-FED8-43B2-8AB7-D5E95B84FCF4}.Debug|x64.Build.0 = Debug|x64
		{75EADD51-FED8-43B2-8AB7-D5E95B84FCF4}.Debug|x86.ActiveCfg = Debug|Win32
		{75EADD51-FED8-43B2-8AB7-D5E95B84FCF4}.Debug|x86.Build.0 = Debug|Win32
		{75EADD51-FED8-43B2-8AB7-D5E95B84FCF4}.Release|x64.ActiveCfg = Release|x64
		{75EADD51-FED8-43B2-8AB7-D5E95B84FCF4}.Release|x64.Build.0 = Release|x64
		{75EADD51-FED8-43B2-8AB7-D5E95B84FCF4}.Release|x86.ActiveCfg = Release|Win32
		{75EADD51-FED8-43B2-8AB7-D5E95B84FCF4}.Release|x86.Build.0 = Release|Win32
		{F98C005E-38EB-4ACB-A7A1-2B8ABF18517F}.Debug|x64.ActiveCfg = Debug|x64
		{F98C005E-38EB-4ACB-A7A1-2B8ABF18517F}.Debug|x64.Build.0 = Debug|x64
		{F98C005E-38EB-4ACB-A7A1-2B8ABF18517F}.Debug|x86.ActiveCfg = Debug|Win32
		{F98C005E-38EB-4ACB-A7A1-2B8ABF18517F}.Debug|x86.Build.0 = Debug|Win32
		{F98C005E-38EB-4ACB-A7A1-2B8ABF18517F}.Release|x64.ActiveCfg = Release|x64
		{F98C005E-38EB-4ACB-A7A1-2B8ABF18517F}.Release|x64.Build.0 = Release|x64
		{F98C005E-38EB-4ACB-A7A1-2B8ABF18517F}.Release|x86.ActiveCfg = Release|Win32
		{F98C005E-38EB-4ACB-A7A1-2B8ABF18517F}.Release|x86.Build.0 = Release|Win32
		{698E7F65-ECCF-493D-B92F-478580BC297C}.Debug|x64.ActiveCfg = Debug|x64
		{698E7F65-ECCF-493D-B92F-478580BC297C}.Debug|x64.Build.0 = Debug|x64
		{698E7F65-ECCF-493D-B92F-478580BC297C}.Debug|x86.ActiveCfg = Debug|Win32
		{698E7F65-ECCF-493D-B92F-478580BC297C}.Debug|x86.Build.0 = Debug|Win32
		{698E7F65-ECCF-493D-B92F-478580BC297C}.Release|x64.ActiveCfg = Release|x64
		{698E7F65-ECCF-493D-B92F-478580BC297C}.Release|x64.Build.0 = Release|x64
		{698E7F65-ECCF-493D-B92F-478580BC297C}.Release|x86.ActiveCfg = Release|Win32
		{698E7F65-ECCF-493D-B92F-478580BC297C}.Release|x86.Build.0 = Release|Win32
		{5E3479E9-7304-4F09-B86E-18167E670AF0}.Debug|x64.ActiveCfg = Debug|x64
		{5E3479E9-7304-4F09-B86E-18167E670AF0}.Debug|x64.Build.0 = Debug|x64
		{5E3479E9-7304-4F09-B86E-18167E670AF0}.Debug|x86.ActiveCfg = Debug|Win32
		{5E3479E9-7304-4F09-B86E-18167E670AF0}.Debug|x86.Build.0 = Debug|Win32
		{5E3479E9-7304-4F09-B86E-18167E670AF0}.Release|x64.ActiveCfg = Release|x64
		{5E3479E9-7304-4F09-B86E-18167E670AF0}.Release|x64.Build.0 = Release|x64
		{5E3479E9-7304-4F09-B86E-18167E670AF0}.Release|x86.ActiveCfg = Release|Win32
		{5E3479E9-7304-4F09-B86E-18167E670AF0}.Release|x86.Build.0 = Release|Win32
		{6DB98ED3-AB25-4C03-A33F-D7CBC0D8E45C}.Debug|x64.ActiveCfg = Debug|x64
		{6DB98ED3-AB25-4C03-A33F-D7CBC0D8E45C}.Debug|x64.Build.0 = Debug|x64
		{6DB98ED3-AB25-4C03-A33F-D7CBC0D8E45C}.Debug|x86.ActiveCfg = Debug|Win32
		{6DB98ED3-AB25-4C03-A33F-D7CBC0D8E45C}.Debug|x86.Build.0 = Debug|Win32
		{6DB98ED3-AB25-4C03-A33F-D7CBC0D8E45C}.Release|x64.ActiveCfg = Release|x64
		{6DB98ED3-AB25-4C03-A33F-D7CBC0D8E45C}.Release|x64.Build.0 = Release|x64
		{6DB98ED3-AB25-4C03-A33F-D7CBC0D8E45C}.Release|x86.ActiveCfg = Release|Win32
		{6DB98ED3-AB25-4C03-A33F-D7CBC0D8E45C}.Release|x86.Build.0 = Release|Win32
	EndGlobalSection
	GlobalSection(SolutionProperties) = preSolution
		HideSolutionNode = FALSE
	EndGlobalSection
	GlobalSection(ExtensibilityGlobals) = postSolution
		SolutionGuid = {787C8BF4-3838-456A-9E81-6E34F9C615C8}
	EndGlobalSection
EndGlobal
